// !$*UTF8*$!
{
	archiveVersion = 1;
	classes = {
	};
	objectVersion = 46;
	objects = {

/* Begin PBXBuildFile section */
		EA06B6BD194CE39300F56AFF /* Foundation.framework in Frameworks */ = {isa = PBXBuildFile; fileRef = EA06B6BC194CE39300F56AFF /* Foundation.framework */; };
		EA06B6BF194CE39300F56AFF /* CoreGraphics.framework in Frameworks */ = {isa = PBXBuildFile; fileRef = EA06B6BE194CE39300F56AFF /* CoreGraphics.framework */; };
		EA06B6C1194CE39300F56AFF /* UIKit.framework in Frameworks */ = {isa = PBXBuildFile; fileRef = EA06B6C0194CE39300F56AFF /* UIKit.framework */; };
		EA06B6C7194CE39300F56AFF /* InfoPlist.strings in Resources */ = {isa = PBXBuildFile; fileRef = EA06B6C5194CE39300F56AFF /* InfoPlist.strings */; };
		EA06B6C9194CE39300F56AFF /* main.m in Sources */ = {isa = PBXBuildFile; fileRef = EA06B6C8194CE39300F56AFF /* main.m */; };
		EA06B6CD194CE39300F56AFF /* AppDelegate.m in Sources */ = {isa = PBXBuildFile; fileRef = EA06B6CC194CE39300F56AFF /* AppDelegate.m */; };
		EA06B6D3194CE39400F56AFF /* PlayListViewController.m in Sources */ = {isa = PBXBuildFile; fileRef = EA06B6D2194CE39400F56AFF /* PlayListViewController.m */; };
		EA06B6D5194CE39400F56AFF /* Images.xcassets in Resources */ = {isa = PBXBuildFile; fileRef = EA06B6D4194CE39400F56AFF /* Images.xcassets */; };
		EA06B6DC194CE39400F56AFF /* XCTest.framework in Frameworks */ = {isa = PBXBuildFile; fileRef = EA06B6DB194CE39400F56AFF /* XCTest.framework */; };
		EA06B6DD194CE39400F56AFF /* Foundation.framework in Frameworks */ = {isa = PBXBuildFile; fileRef = EA06B6BC194CE39300F56AFF /* Foundation.framework */; };
		EA06B6DE194CE39400F56AFF /* UIKit.framework in Frameworks */ = {isa = PBXBuildFile; fileRef = EA06B6C0194CE39300F56AFF /* UIKit.framework */; };
		EA06B6E6194CE39400F56AFF /* InfoPlist.strings in Resources */ = {isa = PBXBuildFile; fileRef = EA06B6E4194CE39400F56AFF /* InfoPlist.strings */; };
		EA06B6E8194CE39400F56AFF /* LyricsTests.m in Sources */ = {isa = PBXBuildFile; fileRef = EA06B6E7194CE39400F56AFF /* LyricsTests.m */; };
		EA06B6F4194CEBF100F56AFF /* Lyrics.m in Sources */ = {isa = PBXBuildFile; fileRef = EA06B6F3194CEBF100F56AFF /* Lyrics.m */; };
		EA06B6FB194CECB600F56AFF /* PlayList.m in Sources */ = {isa = PBXBuildFile; fileRef = EA06B6FA194CECB600F56AFF /* PlayList.m */; };
		EA06B6FE194CF95100F56AFF /* CustomCell.m in Sources */ = {isa = PBXBuildFile; fileRef = EA06B6FD194CF95100F56AFF /* CustomCell.m */; };
		EA06B701194D772C00F56AFF /* PlayListDB.m in Sources */ = {isa = PBXBuildFile; fileRef = EA06B700194D772C00F56AFF /* PlayListDB.m */; };
		EA06B70E194D778500F56AFF /* FMDatabase.m in Sources */ = {isa = PBXBuildFile; fileRef = EA06B704194D778500F56AFF /* FMDatabase.m */; };
		EA06B70F194D778500F56AFF /* FMDatabaseAdditions.m in Sources */ = {isa = PBXBuildFile; fileRef = EA06B706194D778500F56AFF /* FMDatabaseAdditions.m */; };
		EA06B710194D778500F56AFF /* FMDatabasePool.m in Sources */ = {isa = PBXBuildFile; fileRef = EA06B708194D778500F56AFF /* FMDatabasePool.m */; };
		EA06B711194D778500F56AFF /* FMDatabaseQueue.m in Sources */ = {isa = PBXBuildFile; fileRef = EA06B70A194D778500F56AFF /* FMDatabaseQueue.m */; };
		EA06B712194D778500F56AFF /* FMResultSet.m in Sources */ = {isa = PBXBuildFile; fileRef = EA06B70D194D778500F56AFF /* FMResultSet.m */; };
		EA06B714194D94C300F56AFF /* libsqlite3.0.dylib in Frameworks */ = {isa = PBXBuildFile; fileRef = EA06B713194D94C300F56AFF /* libsqlite3.0.dylib */; };
		EA06B717194DDFA700F56AFF /* LyricsViewController.m in Sources */ = {isa = PBXBuildFile; fileRef = EA06B716194DDFA700F56AFF /* LyricsViewController.m */; };
		EA31B2B2194F955900B659D2 /* QuartzCore.framework in Frameworks */ = {isa = PBXBuildFile; fileRef = EA31B2B1194F955900B659D2 /* QuartzCore.framework */; };
		EA31B2B51950EAEE00B659D2 /* LyricsDB.m in Sources */ = {isa = PBXBuildFile; fileRef = EA31B2B41950EAEE00B659D2 /* LyricsDB.m */; };
		EA31B2B81952D81B00B659D2 /* WebViewController.m in Sources */ = {isa = PBXBuildFile; fileRef = EA31B2B71952D81B00B659D2 /* WebViewController.m */; };
		EA31B2BE1953BF0300B659D2 /* URL.m in Sources */ = {isa = PBXBuildFile; fileRef = EA31B2BD1953BF0300B659D2 /* URL.m */; };
/* End PBXBuildFile section */

/* Begin PBXContainerItemProxy section */
		EA06B6DF194CE39400F56AFF /* PBXContainerItemProxy */ = {
			isa = PBXContainerItemProxy;
			containerPortal = EA06B6B1194CE39300F56AFF /* Project object */;
			proxyType = 1;
			remoteGlobalIDString = EA06B6B8194CE39300F56AFF;
			remoteInfo = Lyrics;
		};
/* End PBXContainerItemProxy section */

/* Begin PBXFileReference section */
		EA06B6B9194CE39300F56AFF /* Lyrics.app */ = {isa = PBXFileReference; explicitFileType = wrapper.application; includeInIndex = 0; path = Lyrics.app; sourceTree = BUILT_PRODUCTS_DIR; };
		EA06B6BC194CE39300F56AFF /* Foundation.framework */ = {isa = PBXFileReference; lastKnownFileType = wrapper.framework; name = Foundation.framework; path = System/Library/Frameworks/Foundation.framework; sourceTree = SDKROOT; };
		EA06B6BE194CE39300F56AFF /* CoreGraphics.framework */ = {isa = PBXFileReference; lastKnownFileType = wrapper.framework; name = CoreGraphics.framework; path = System/Library/Frameworks/CoreGraphics.framework; sourceTree = SDKROOT; };
		EA06B6C0194CE39300F56AFF /* UIKit.framework */ = {isa = PBXFileReference; lastKnownFileType = wrapper.framework; name = UIKit.framework; path = System/Library/Frameworks/UIKit.framework; sourceTree = SDKROOT; };
		EA06B6C4194CE39300F56AFF /* Lyrics-Info.plist */ = {isa = PBXFileReference; lastKnownFileType = text.plist.xml; path = "Lyrics-Info.plist"; sourceTree = "<group>"; };
		EA06B6C6194CE39300F56AFF /* en */ = {isa = PBXFileReference; lastKnownFileType = text.plist.strings; name = en; path = en.lproj/InfoPlist.strings; sourceTree = "<group>"; };
		EA06B6C8194CE39300F56AFF /* main.m */ = {isa = PBXFileReference; lastKnownFileType = sourcecode.c.objc; path = main.m; sourceTree = "<group>"; };
		EA06B6CA194CE39300F56AFF /* Lyrics-Prefix.pch */ = {isa = PBXFileReference; lastKnownFileType = sourcecode.c.h; path = "Lyrics-Prefix.pch"; sourceTree = "<group>"; };
		EA06B6CB194CE39300F56AFF /* AppDelegate.h */ = {isa = PBXFileReference; lastKnownFileType = sourcecode.c.h; path = AppDelegate.h; sourceTree = "<group>"; };
		EA06B6CC194CE39300F56AFF /* AppDelegate.m */ = {isa = PBXFileReference; lastKnownFileType = sourcecode.c.objc; path = AppDelegate.m; sourceTree = "<group>"; };
		EA06B6D1194CE39400F56AFF /* PlayListViewController.h */ = {isa = PBXFileReference; lastKnownFileType = sourcecode.c.h; path = PlayListViewController.h; sourceTree = "<group>"; };
		EA06B6D2194CE39400F56AFF /* PlayListViewController.m */ = {isa = PBXFileReference; lastKnownFileType = sourcecode.c.objc; path = PlayListViewController.m; sourceTree = "<group>"; };
		EA06B6D4194CE39400F56AFF /* Images.xcassets */ = {isa = PBXFileReference; lastKnownFileType = folder.assetcatalog; path = Images.xcassets; sourceTree = "<group>"; };
		EA06B6DA194CE39400F56AFF /* LyricsTests.xctest */ = {isa = PBXFileReference; explicitFileType = wrapper.cfbundle; includeInIndex = 0; path = LyricsTests.xctest; sourceTree = BUILT_PRODUCTS_DIR; };
		EA06B6DB194CE39400F56AFF /* XCTest.framework */ = {isa = PBXFileReference; lastKnownFileType = wrapper.framework; name = XCTest.framework; path = Library/Frameworks/XCTest.framework; sourceTree = DEVELOPER_DIR; };
		EA06B6E3194CE39400F56AFF /* LyricsTests-Info.plist */ = {isa = PBXFileReference; lastKnownFileType = text.plist.xml; path = "LyricsTests-Info.plist"; sourceTree = "<group>"; };
		EA06B6E5194CE39400F56AFF /* en */ = {isa = PBXFileReference; lastKnownFileType = text.plist.strings; name = en; path = en.lproj/InfoPlist.strings; sourceTree = "<group>"; };
		EA06B6E7194CE39400F56AFF /* LyricsTests.m */ = {isa = PBXFileReference; lastKnownFileType = sourcecode.c.objc; path = LyricsTests.m; sourceTree = "<group>"; };
		EA06B6F2194CEBF100F56AFF /* Lyrics.h */ = {isa = PBXFileReference; fileEncoding = 4; lastKnownFileType = sourcecode.c.h; path = Lyrics.h; sourceTree = "<group>"; };
		EA06B6F3194CEBF100F56AFF /* Lyrics.m */ = {isa = PBXFileReference; fileEncoding = 4; lastKnownFileType = sourcecode.c.objc; path = Lyrics.m; sourceTree = "<group>"; };
		EA06B6F9194CECB600F56AFF /* PlayList.h */ = {isa = PBXFileReference; fileEncoding = 4; lastKnownFileType = sourcecode.c.h; path = PlayList.h; sourceTree = "<group>"; };
		EA06B6FA194CECB600F56AFF /* PlayList.m */ = {isa = PBXFileReference; fileEncoding = 4; lastKnownFileType = sourcecode.c.objc; path = PlayList.m; sourceTree = "<group>"; };
		EA06B6FC194CF95100F56AFF /* CustomCell.h */ = {isa = PBXFileReference; fileEncoding = 4; lastKnownFileType = sourcecode.c.h; path = CustomCell.h; sourceTree = "<group>"; };
		EA06B6FD194CF95100F56AFF /* CustomCell.m */ = {isa = PBXFileReference; fileEncoding = 4; lastKnownFileType = sourcecode.c.objc; path = CustomCell.m; sourceTree = "<group>"; };
		EA06B6FF194D772C00F56AFF /* PlayListDB.h */ = {isa = PBXFileReference; fileEncoding = 4; lastKnownFileType = sourcecode.c.h; path = PlayListDB.h; sourceTree = "<group>"; };
		EA06B700194D772C00F56AFF /* PlayListDB.m */ = {isa = PBXFileReference; fileEncoding = 4; lastKnownFileType = sourcecode.c.objc; path = PlayListDB.m; sourceTree = "<group>"; };
		EA06B703194D778500F56AFF /* FMDatabase.h */ = {isa = PBXFileReference; fileEncoding = 4; lastKnownFileType = sourcecode.c.h; path = FMDatabase.h; sourceTree = "<group>"; };
		EA06B704194D778500F56AFF /* FMDatabase.m */ = {isa = PBXFileReference; fileEncoding = 4; lastKnownFileType = sourcecode.c.objc; path = FMDatabase.m; sourceTree = "<group>"; };
		EA06B705194D778500F56AFF /* FMDatabaseAdditions.h */ = {isa = PBXFileReference; fileEncoding = 4; lastKnownFileType = sourcecode.c.h; path = FMDatabaseAdditions.h; sourceTree = "<group>"; };
		EA06B706194D778500F56AFF /* FMDatabaseAdditions.m */ = {isa = PBXFileReference; fileEncoding = 4; lastKnownFileType = sourcecode.c.objc; path = FMDatabaseAdditions.m; sourceTree = "<group>"; };
		EA06B707194D778500F56AFF /* FMDatabasePool.h */ = {isa = PBXFileReference; fileEncoding = 4; lastKnownFileType = sourcecode.c.h; path = FMDatabasePool.h; sourceTree = "<group>"; };
		EA06B708194D778500F56AFF /* FMDatabasePool.m */ = {isa = PBXFileReference; fileEncoding = 4; lastKnownFileType = sourcecode.c.objc; path = FMDatabasePool.m; sourceTree = "<group>"; };
		EA06B709194D778500F56AFF /* FMDatabaseQueue.h */ = {isa = PBXFileReference; fileEncoding = 4; lastKnownFileType = sourcecode.c.h; path = FMDatabaseQueue.h; sourceTree = "<group>"; };
		EA06B70A194D778500F56AFF /* FMDatabaseQueue.m */ = {isa = PBXFileReference; fileEncoding = 4; lastKnownFileType = sourcecode.c.objc; path = FMDatabaseQueue.m; sourceTree = "<group>"; };
		EA06B70B194D778500F56AFF /* FMDB.h */ = {isa = PBXFileReference; fileEncoding = 4; lastKnownFileType = sourcecode.c.h; path = FMDB.h; sourceTree = "<group>"; };
		EA06B70C194D778500F56AFF /* FMResultSet.h */ = {isa = PBXFileReference; fileEncoding = 4; lastKnownFileType = sourcecode.c.h; path = FMResultSet.h; sourceTree = "<group>"; };
		EA06B70D194D778500F56AFF /* FMResultSet.m */ = {isa = PBXFileReference; fileEncoding = 4; lastKnownFileType = sourcecode.c.objc; path = FMResultSet.m; sourceTree = "<group>"; };
		EA06B713194D94C300F56AFF /* libsqlite3.0.dylib */ = {isa = PBXFileReference; lastKnownFileType = "compiled.mach-o.dylib"; name = libsqlite3.0.dylib; path = usr/lib/libsqlite3.0.dylib; sourceTree = SDKROOT; };
		EA06B715194DDFA700F56AFF /* LyricsViewController.h */ = {isa = PBXFileReference; fileEncoding = 4; lastKnownFileType = sourcecode.c.h; path = LyricsViewController.h; sourceTree = "<group>"; };
		EA06B716194DDFA700F56AFF /* LyricsViewController.m */ = {isa = PBXFileReference; fileEncoding = 4; lastKnownFileType = sourcecode.c.objc; path = LyricsViewController.m; sourceTree = "<group>"; };
		EA31B2B1194F955900B659D2 /* QuartzCore.framework */ = {isa = PBXFileReference; lastKnownFileType = wrapper.framework; name = QuartzCore.framework; path = System/Library/Frameworks/QuartzCore.framework; sourceTree = SDKROOT; };
		EA31B2B31950EAEE00B659D2 /* LyricsDB.h */ = {isa = PBXFileReference; fileEncoding = 4; lastKnownFileType = sourcecode.c.h; path = LyricsDB.h; sourceTree = "<group>"; };
		EA31B2B41950EAEE00B659D2 /* LyricsDB.m */ = {isa = PBXFileReference; fileEncoding = 4; lastKnownFileType = sourcecode.c.objc; path = LyricsDB.m; sourceTree = "<group>"; };
		EA31B2B61952D81B00B659D2 /* WebViewController.h */ = {isa = PBXFileReference; fileEncoding = 4; lastKnownFileType = sourcecode.c.h; path = WebViewController.h; sourceTree = "<group>"; };
		EA31B2B71952D81B00B659D2 /* WebViewController.m */ = {isa = PBXFileReference; fileEncoding = 4; lastKnownFileType = sourcecode.c.objc; path = WebViewController.m; sourceTree = "<group>"; };
		EA31B2BC1953BF0300B659D2 /* URL.h */ = {isa = PBXFileReference; fileEncoding = 4; lastKnownFileType = sourcecode.c.h; path = URL.h; sourceTree = "<group>"; };
		EA31B2BD1953BF0300B659D2 /* URL.m */ = {isa = PBXFileReference; fileEncoding = 4; lastKnownFileType = sourcecode.c.objc; path = URL.m; sourceTree = "<group>"; };
/* End PBXFileReference section */

/* Begin PBXFrameworksBuildPhase section */
		EA06B6B6194CE39300F56AFF /* Frameworks */ = {
			isa = PBXFrameworksBuildPhase;
			buildActionMask = 2147483647;
			files = (
				EA31B2B2194F955900B659D2 /* QuartzCore.framework in Frameworks */,
				EA06B714194D94C300F56AFF /* libsqlite3.0.dylib in Frameworks */,
				EA06B6BF194CE39300F56AFF /* CoreGraphics.framework in Frameworks */,
				EA06B6C1194CE39300F56AFF /* UIKit.framework in Frameworks */,
				EA06B6BD194CE39300F56AFF /* Foundation.framework in Frameworks */,
			);
			runOnlyForDeploymentPostprocessing = 0;
		};
		EA06B6D7194CE39400F56AFF /* Frameworks */ = {
			isa = PBXFrameworksBuildPhase;
			buildActionMask = 2147483647;
			files = (
				EA06B6DC194CE39400F56AFF /* XCTest.framework in Frameworks */,
				EA06B6DE194CE39400F56AFF /* UIKit.framework in Frameworks */,
				EA06B6DD194CE39400F56AFF /* Foundation.framework in Frameworks */,
			);
			runOnlyForDeploymentPostprocessing = 0;
		};
/* End PBXFrameworksBuildPhase section */

/* Begin PBXGroup section */
		EA06B6B0194CE39300F56AFF = {
			isa = PBXGroup;
			children = (
				EA06B6C2194CE39300F56AFF /* Lyrics */,
				EA06B6E1194CE39400F56AFF /* LyricsTests */,
				EA06B6BB194CE39300F56AFF /* Frameworks */,
				EA06B6BA194CE39300F56AFF /* Products */,
			);
			sourceTree = "<group>";
		};
		EA06B6BA194CE39300F56AFF /* Products */ = {
			isa = PBXGroup;
			children = (
				EA06B6B9194CE39300F56AFF /* Lyrics.app */,
				EA06B6DA194CE39400F56AFF /* LyricsTests.xctest */,
			);
			name = Products;
			sourceTree = "<group>";
		};
		EA06B6BB194CE39300F56AFF /* Frameworks */ = {
			isa = PBXGroup;
			children = (
				EA31B2B1194F955900B659D2 /* QuartzCore.framework */,
				EA06B713194D94C300F56AFF /* libsqlite3.0.dylib */,
				EA06B6BC194CE39300F56AFF /* Foundation.framework */,
				EA06B6BE194CE39300F56AFF /* CoreGraphics.framework */,
				EA06B6C0194CE39300F56AFF /* UIKit.framework */,
				EA06B6DB194CE39400F56AFF /* XCTest.framework */,
			);
			name = Frameworks;
			sourceTree = "<group>";
		};
		EA06B6C2194CE39300F56AFF /* Lyrics */ = {
			isa = PBXGroup;
			children = (
				EA06B702194D778500F56AFF /* lib */,
				EA06B6F7194CEC3700F56AFF /* Models */,
				EA06B6F8194CEC5600F56AFF /* Views */,
				EA06B6F1194CE9BF00F56AFF /* Controllers */,
				EA06B6CB194CE39300F56AFF /* AppDelegate.h */,
				EA06B6CC194CE39300F56AFF /* AppDelegate.m */,
				EA06B6D4194CE39400F56AFF /* Images.xcassets */,
				EA06B6C3194CE39300F56AFF /* Supporting Files */,
			);
			path = Lyrics;
			sourceTree = "<group>";
		};
		EA06B6C3194CE39300F56AFF /* Supporting Files */ = {
			isa = PBXGroup;
			children = (
				EA06B6C4194CE39300F56AFF /* Lyrics-Info.plist */,
				EA06B6C5194CE39300F56AFF /* InfoPlist.strings */,
				EA06B6C8194CE39300F56AFF /* main.m */,
				EA06B6CA194CE39300F56AFF /* Lyrics-Prefix.pch */,
			);
			name = "Supporting Files";
			sourceTree = "<group>";
		};
		EA06B6E1194CE39400F56AFF /* LyricsTests */ = {
			isa = PBXGroup;
			children = (
				EA06B6E7194CE39400F56AFF /* LyricsTests.m */,
				EA06B6E2194CE39400F56AFF /* Supporting Files */,
			);
			path = LyricsTests;
			sourceTree = "<group>";
		};
		EA06B6E2194CE39400F56AFF /* Supporting Files */ = {
			isa = PBXGroup;
			children = (
				EA06B6E3194CE39400F56AFF /* LyricsTests-Info.plist */,
				EA06B6E4194CE39400F56AFF /* InfoPlist.strings */,
			);
			name = "Supporting Files";
			sourceTree = "<group>";
		};
		EA06B6F1194CE9BF00F56AFF /* Controllers */ = {
			isa = PBXGroup;
			children = (
				EA06B6D1194CE39400F56AFF /* PlayListViewController.h */,
				EA06B6D2194CE39400F56AFF /* PlayListViewController.m */,
				EA06B715194DDFA700F56AFF /* LyricsViewController.h */,
				EA06B716194DDFA700F56AFF /* LyricsViewController.m */,
				EA31B2B61952D81B00B659D2 /* WebViewController.h */,
				EA31B2B71952D81B00B659D2 /* WebViewController.m */,
			);
			name = Controllers;
			sourceTree = "<group>";
		};
		EA06B6F7194CEC3700F56AFF /* Models */ = {
			isa = PBXGroup;
			children = (
				EA06B6F2194CEBF100F56AFF /* Lyrics.h */,
				EA06B6F3194CEBF100F56AFF /* Lyrics.m */,
				EA06B6F9194CECB600F56AFF /* PlayList.h */,
				EA06B6FA194CECB600F56AFF /* PlayList.m */,
				EA31B2BC1953BF0300B659D2 /* URL.h */,
				EA31B2BD1953BF0300B659D2 /* URL.m */,
				EA06B6FF194D772C00F56AFF /* PlayListDB.h */,
				EA06B700194D772C00F56AFF /* PlayListDB.m */,
				EA31B2B31950EAEE00B659D2 /* LyricsDB.h */,
				EA31B2B41950EAEE00B659D2 /* LyricsDB.m */,
			);
			name = Models;
			sourceTree = "<group>";
		};
		EA06B6F8194CEC5600F56AFF /* Views */ = {
			isa = PBXGroup;
			children = (
				EA06B6FC194CF95100F56AFF /* CustomCell.h */,
				EA06B6FD194CF95100F56AFF /* CustomCell.m */,
			);
			name = Views;
			sourceTree = "<group>";
		};
		EA06B702194D778500F56AFF /* lib */ = {
			isa = PBXGroup;
			children = (
				EA06B703194D778500F56AFF /* FMDatabase.h */,
				EA06B704194D778500F56AFF /* FMDatabase.m */,
				EA06B705194D778500F56AFF /* FMDatabaseAdditions.h */,
				EA06B706194D778500F56AFF /* FMDatabaseAdditions.m */,
				EA06B707194D778500F56AFF /* FMDatabasePool.h */,
				EA06B708194D778500F56AFF /* FMDatabasePool.m */,
				EA06B709194D778500F56AFF /* FMDatabaseQueue.h */,
				EA06B70A194D778500F56AFF /* FMDatabaseQueue.m */,
				EA06B70B194D778500F56AFF /* FMDB.h */,
				EA06B70C194D778500F56AFF /* FMResultSet.h */,
				EA06B70D194D778500F56AFF /* FMResultSet.m */,
			);
			path = lib;
			sourceTree = "<group>";
		};
/* End PBXGroup section */

/* Begin PBXNativeTarget section */
		EA06B6B8194CE39300F56AFF /* Lyrics */ = {
			isa = PBXNativeTarget;
			buildConfigurationList = EA06B6EB194CE39400F56AFF /* Build configuration list for PBXNativeTarget "Lyrics" */;
			buildPhases = (
				EA06B6B5194CE39300F56AFF /* Sources */,
				EA06B6B6194CE39300F56AFF /* Frameworks */,
				EA06B6B7194CE39300F56AFF /* Resources */,
			);
			buildRules = (
			);
			dependencies = (
			);
			name = Lyrics;
			productName = Lyrics;
			productReference = EA06B6B9194CE39300F56AFF /* Lyrics.app */;
			productType = "com.apple.product-type.application";
		};
		EA06B6D9194CE39400F56AFF /* LyricsTests */ = {
			isa = PBXNativeTarget;
			buildConfigurationList = EA06B6EE194CE39400F56AFF /* Build configuration list for PBXNativeTarget "LyricsTests" */;
			buildPhases = (
				EA06B6D6194CE39400F56AFF /* Sources */,
				EA06B6D7194CE39400F56AFF /* Frameworks */,
				EA06B6D8194CE39400F56AFF /* Resources */,
			);
			buildRules = (
			);
			dependencies = (
				EA06B6E0194CE39400F56AFF /* PBXTargetDependency */,
			);
			name = LyricsTests;
			productName = LyricsTests;
			productReference = EA06B6DA194CE39400F56AFF /* LyricsTests.xctest */;
			productType = "com.apple.product-type.bundle.unit-test";
		};
/* End PBXNativeTarget section */

/* Begin PBXProject section */
		EA06B6B1194CE39300F56AFF /* Project object */ = {
			isa = PBXProject;
			attributes = {
				LastUpgradeCheck = 0510;
				ORGANIZATIONNAME = "katsumi nakashima";
				TargetAttributes = {
					EA06B6D9194CE39400F56AFF = {
						TestTargetID = EA06B6B8194CE39300F56AFF;
					};
				};
			};
			buildConfigurationList = EA06B6B4194CE39300F56AFF /* Build configuration list for PBXProject "Lyrics" */;
			compatibilityVersion = "Xcode 3.2";
			developmentRegion = English;
			hasScannedForEncodings = 0;
			knownRegions = (
				en,
				Base,
			);
			mainGroup = EA06B6B0194CE39300F56AFF;
			productRefGroup = EA06B6BA194CE39300F56AFF /* Products */;
			projectDirPath = "";
			projectRoot = "";
			targets = (
				EA06B6B8194CE39300F56AFF /* Lyrics */,
				EA06B6D9194CE39400F56AFF /* LyricsTests */,
			);
		};
/* End PBXProject section */

/* Begin PBXResourcesBuildPhase section */
		EA06B6B7194CE39300F56AFF /* Resources */ = {
			isa = PBXResourcesBuildPhase;
			buildActionMask = 2147483647;
			files = (
				EA06B6D5194CE39400F56AFF /* Images.xcassets in Resources */,
				EA06B6C7194CE39300F56AFF /* InfoPlist.strings in Resources */,
			);
			runOnlyForDeploymentPostprocessing = 0;
		};
		EA06B6D8194CE39400F56AFF /* Resources */ = {
			isa = PBXResourcesBuildPhase;
			buildActionMask = 2147483647;
			files = (
				EA06B6E6194CE39400F56AFF /* InfoPlist.strings in Resources */,
			);
			runOnlyForDeploymentPostprocessing = 0;
		};
/* End PBXResourcesBuildPhase section */

/* Begin PBXSourcesBuildPhase section */
		EA06B6B5194CE39300F56AFF /* Sources */ = {
			isa = PBXSourcesBuildPhase;
			buildActionMask = 2147483647;
			files = (
				EA06B6D3194CE39400F56AFF /* PlayListViewController.m in Sources */,
				EA31B2B81952D81B00B659D2 /* WebViewController.m in Sources */,
				EA06B6F4194CEBF100F56AFF /* Lyrics.m in Sources */,
				EA06B6FE194CF95100F56AFF /* CustomCell.m in Sources */,
				EA06B6CD194CE39300F56AFF /* AppDelegate.m in Sources */,
				EA06B6C9194CE39300F56AFF /* main.m in Sources */,
				EA06B70F194D778500F56AFF /* FMDatabaseAdditions.m in Sources */,
				EA06B712194D778500F56AFF /* FMResultSet.m in Sources */,
				EA06B6FB194CECB600F56AFF /* PlayList.m in Sources */,
				EA06B710194D778500F56AFF /* FMDatabasePool.m in Sources */,
				EA31B2B51950EAEE00B659D2 /* LyricsDB.m in Sources */,
				EA06B711194D778500F56AFF /* FMDatabaseQueue.m in Sources */,
				EA06B717194DDFA700F56AFF /* LyricsViewController.m in Sources */,
				EA06B701194D772C00F56AFF /* PlayListDB.m in Sources */,
				EA31B2BE1953BF0300B659D2 /* URL.m in Sources */,
				EA06B70E194D778500F56AFF /* FMDatabase.m in Sources */,
			);
			runOnlyForDeploymentPostprocessing = 0;
		};
		EA06B6D6194CE39400F56AFF /* Sources */ = {
			isa = PBXSourcesBuildPhase;
			buildActionMask = 2147483647;
			files = (
				EA06B6E8194CE39400F56AFF /* LyricsTests.m in Sources */,
			);
			runOnlyForDeploymentPostprocessing = 0;
		};
/* End PBXSourcesBuildPhase section */

/* Begin PBXTargetDependency section */
		EA06B6E0194CE39400F56AFF /* PBXTargetDependency */ = {
			isa = PBXTargetDependency;
			target = EA06B6B8194CE39300F56AFF /* Lyrics */;
			targetProxy = EA06B6DF194CE39400F56AFF /* PBXContainerItemProxy */;
		};
/* End PBXTargetDependency section */

/* Begin PBXVariantGroup section */
		EA06B6C5194CE39300F56AFF /* InfoPlist.strings */ = {
			isa = PBXVariantGroup;
			children = (
				EA06B6C6194CE39300F56AFF /* en */,
			);
			name = InfoPlist.strings;
			sourceTree = "<group>";
		};
		EA06B6E4194CE39400F56AFF /* InfoPlist.strings */ = {
			isa = PBXVariantGroup;
			children = (
				EA06B6E5194CE39400F56AFF /* en */,
			);
			name = InfoPlist.strings;
			sourceTree = "<group>";
		};
/* End PBXVariantGroup section */

/* Begin XCBuildConfiguration section */
		EA06B6E9194CE39400F56AFF /* Debug */ = {
			isa = XCBuildConfiguration;
			buildSettings = {
				ALWAYS_SEARCH_USER_PATHS = NO;
				CLANG_CXX_LANGUAGE_STANDARD = "gnu++0x";
				CLANG_CXX_LIBRARY = "libc++";
				CLANG_ENABLE_MODULES = YES;
				CLANG_ENABLE_OBJC_ARC = YES;
				CLANG_WARN_BOOL_CONVERSION = YES;
				CLANG_WARN_CONSTANT_CONVERSION = YES;
				CLANG_WARN_DIRECT_OBJC_ISA_USAGE = YES_ERROR;
				CLANG_WARN_EMPTY_BODY = YES;
				CLANG_WARN_ENUM_CONVERSION = YES;
				CLANG_WARN_INT_CONVERSION = YES;
				CLANG_WARN_OBJC_ROOT_CLASS = YES_ERROR;
				CLANG_WARN__DUPLICATE_METHOD_MATCH = YES;
				"CODE_SIGN_IDENTITY[sdk=iphoneos*]" = "iPhone Developer";
				COPY_PHASE_STRIP = NO;
				GCC_C_LANGUAGE_STANDARD = gnu99;
				GCC_DYNAMIC_NO_PIC = NO;
				GCC_OPTIMIZATION_LEVEL = 0;
				GCC_PREPROCESSOR_DEFINITIONS = (
					"DEBUG=1",
					"$(inherited)",
				);
				GCC_SYMBOLS_PRIVATE_EXTERN = NO;
				GCC_WARN_64_TO_32_BIT_CONVERSION = YES;
				GCC_WARN_ABOUT_RETURN_TYPE = YES_ERROR;
				GCC_WARN_UNDECLARED_SELECTOR = YES;
				GCC_WARN_UNINITIALIZED_AUTOS = YES_AGGRESSIVE;
				GCC_WARN_UNUSED_FUNCTION = YES;
				GCC_WARN_UNUSED_VARIABLE = YES;
				IPHONEOS_DEPLOYMENT_TARGET = 7.1;
				ONLY_ACTIVE_ARCH = YES;
				SDKROOT = iphoneos;
			};
			name = Debug;
		};
		EA06B6EA194CE39400F56AFF /* Release */ = {
			isa = XCBuildConfiguration;
			buildSettings = {
				ALWAYS_SEARCH_USER_PATHS = NO;
				CLANG_CXX_LANGUAGE_STANDARD = "gnu++0x";
				CLANG_CXX_LIBRARY = "libc++";
				CLANG_ENABLE_MODULES = YES;
				CLANG_ENABLE_OBJC_ARC = YES;
				CLANG_WARN_BOOL_CONVERSION = YES;
				CLANG_WARN_CONSTANT_CONVERSION = YES;
				CLANG_WARN_DIRECT_OBJC_ISA_USAGE = YES_ERROR;
				CLANG_WARN_EMPTY_BODY = YES;
				CLANG_WARN_ENUM_CONVERSION = YES;
				CLANG_WARN_INT_CONVERSION = YES;
				CLANG_WARN_OBJC_ROOT_CLASS = YES_ERROR;
				CLANG_WARN__DUPLICATE_METHOD_MATCH = YES;
				"CODE_SIGN_IDENTITY[sdk=iphoneos*]" = "iPhone Developer";
				COPY_PHASE_STRIP = YES;
				ENABLE_NS_ASSERTIONS = NO;
				GCC_C_LANGUAGE_STANDARD = gnu99;
				GCC_WARN_64_TO_32_BIT_CONVERSION = YES;
				GCC_WARN_ABOUT_RETURN_TYPE = YES_ERROR;
				GCC_WARN_UNDECLARED_SELECTOR = YES;
				GCC_WARN_UNINITIALIZED_AUTOS = YES_AGGRESSIVE;
				GCC_WARN_UNUSED_FUNCTION = YES;
				GCC_WARN_UNUSED_VARIABLE = YES;
				IPHONEOS_DEPLOYMENT_TARGET = 7.1;
				SDKROOT = iphoneos;
				VALIDATE_PRODUCT = YES;
			};
			name = Release;
		};
		EA06B6EC194CE39400F56AFF /* Debug */ = {
			isa = XCBuildConfiguration;
			buildSettings = {
				ASSETCATALOG_COMPILER_APPICON_NAME = AppIcon;
				ASSETCATALOG_COMPILER_LAUNCHIMAGE_NAME = LaunchImage;
				GCC_PRECOMPILE_PREFIX_HEADER = YES;
				GCC_PREFIX_HEADER = "Lyrics/Lyrics-Prefix.pch";
				INFOPLIST_FILE = "Lyrics/Lyrics-Info.plist";
				PRODUCT_NAME = "$(TARGET_NAME)";
				WRAPPER_EXTENSION = app;
			};
			name = Debug;
		};
		EA06B6ED194CE39400F56AFF /* Release */ = {
			isa = XCBuildConfiguration;
			buildSettings = {
				ASSETCATALOG_COMPILER_APPICON_NAME = AppIcon;
				ASSETCATALOG_COMPILER_LAUNCHIMAGE_NAME = LaunchImage;
				GCC_PRECOMPILE_PREFIX_HEADER = YES;
				GCC_PREFIX_HEADER = "Lyrics/Lyrics-Prefix.pch";
				INFOPLIST_FILE = "Lyrics/Lyrics-Info.plist";
				PRODUCT_NAME = "$(TARGET_NAME)";
				WRAPPER_EXTENSION = app;
			};
			name = Release;
		};
		EA06B6EF194CE39400F56AFF /* Debug */ = {
			isa = XCBuildConfiguration;
			buildSettings = {
				BUNDLE_LOADER = "$(BUILT_PRODUCTS_DIR)/Lyrics.app/Lyrics";
				FRAMEWORK_SEARCH_PATHS = (
					"$(SDKROOT)/Developer/Library/Frameworks",
					"$(inherited)",
					"$(DEVELOPER_FRAMEWORKS_DIR)",
				);
				GCC_PRECOMPILE_PREFIX_HEADER = YES;
				GCC_PREFIX_HEADER = "Lyrics/Lyrics-Prefix.pch";
				GCC_PREPROCESSOR_DEFINITIONS = (
					"DEBUG=1",
					"$(inherited)",
				);
				INFOPLIST_FILE = "LyricsTests/LyricsTests-Info.plist";
				PRODUCT_NAME = "$(TARGET_NAME)";
				TEST_HOST = "$(BUNDLE_LOADER)";
				WRAPPER_EXTENSION = xctest;
			};
			name = Debug;
		};
		EA06B6F0194CE39400F56AFF /* Release */ = {
			isa = XCBuildConfiguration;
			buildSettings = {
				BUNDLE_LOADER = "$(BUILT_PRODUCTS_DIR)/Lyrics.app/Lyrics";
				FRAMEWORK_SEARCH_PATHS = (
					"$(SDKROOT)/Developer/Library/Frameworks",
					"$(inherited)",
					"$(DEVELOPER_FRAMEWORKS_DIR)",
				);
				GCC_PRECOMPILE_PREFIX_HEADER = YES;
				GCC_PREFIX_HEADER = "Lyrics/Lyrics-Prefix.pch";
				INFOPLIST_FILE = "LyricsTests/LyricsTests-Info.plist";
				PRODUCT_NAME = "$(TARGET_NAME)";
				TEST_HOST = "$(BUNDLE_LOADER)";
				WRAPPER_EXTENSION = xctest;
			};
			name = Release;
		};
/* End XCBuildConfiguration section */

/* Begin XCConfigurationList section */
		EA06B6B4194CE39300F56AFF /* Build configuration list for PBXProject "Lyrics" */ = {
			isa = XCConfigurationList;
			buildConfigurations = (
				EA06B6E9194CE39400F56AFF /* Debug */,
				EA06B6EA194CE39400F56AFF /* Release */,
			);
			defaultConfigurationIsVisible = 0;
			defaultConfigurationName = Release;
		};
		EA06B6EB194CE39400F56AFF /* Build configuration list for PBXNativeTarget "Lyrics" */ = {
			isa = XCConfigurationList;
			buildConfigurations = (
				EA06B6EC194CE39400F56AFF /* Debug */,
				EA06B6ED194CE39400F56AFF /* Release */,
			);
			defaultConfigurationIsVisible = 0;
			defaultConfigurationName = Release;
		};
		EA06B6EE194CE39400F56AFF /* Build configuration list for PBXNativeTarget "LyricsTests" */ = {
			isa = XCConfigurationList;
			buildConfigurations = (
				EA06B6EF194CE39400F56AFF /* Debug */,
				EA06B6F0194CE39400F56AFF /* Release */,
			);
			defaultConfigurationIsVisible = 0;
			defaultConfigurationName = Release;
		};
/* End XCConfigurationList section */
	};
	rootObject = EA06B6B1194CE39300F56AFF /* Project object */;
}
